
Microsoft Visual Studio Solution File, Format Version 12.00
# Visual Studio Version 17
VisualStudioVersion = 17.13.35913.81 d17.13
MinimumVisualStudioVersion = 10.0.40219.1
Project("{FAE04EC0-301F-11D3-BF4B-00C04F79EFBC}") = "Messenger.Server", "Messenger.Server\Messenger.Server.csproj", "{202574CB-25BB-4C95-83D3-3BDE2F037C28}"
EndProject
Project("{FAE04EC0-301F-11D3-BF4B-00C04F79EFBC}") = "Messenger.Shared", "Messenger.Shared\Messenger.Shared.csproj", "{33B920FC-27E0-4ECB-AB8F-A39062946461}"
EndProject
Project("{FAE04EC0-301F-11D3-BF4B-00C04F79EFBC}") = "Messenger.Client", "Messenger.Client\Messenger.Client.csproj", "{3F991C75-A4FF-4E77-BD8F-04F6298F0B48}"
EndProject
Global
	GlobalSection(SolutionConfigurationPlatforms) = preSolution
		Debug|Any CPU = Debug|Any CPU
		Release|Any CPU = Release|Any CPU
	EndGlobalSection
	GlobalSection(ProjectConfigurationPlatforms) = postSolution
		{202574CB-25BB-4C95-83D3-3BDE2F037C28}.Debug|Any CPU.ActiveCfg = Debug|Any CPU
		{202574CB-25BB-4C95-83D3-3BDE2F037C28}.Debug|Any CPU.Build.0 = Debug|Any CPU
		{202574CB-25BB-4C95-83D3-3BDE2F037C28}.Release|Any CPU.ActiveCfg = Release|Any CPU
		{202574CB-25BB-4C95-83D3-3BDE2F037C28}.Release|Any CPU.Build.0 = Release|Any CPU
		{33B920FC-27E0-4ECB-AB8F-A39062946461}.Debug|Any CPU.ActiveCfg = Debug|Any CPU
		{33B920FC-27E0-4ECB-AB8F-A39062946461}.Debug|Any CPU.Build.0 = Debug|Any CPU
		{33B920FC-27E0-4ECB-AB8F-A39062946461}.Release|Any CPU.ActiveCfg = Release|Any CPU
		{33B920FC-27E0-4ECB-AB8F-A39062946461}.Release|Any CPU.Build.0 = Release|Any CPU
		{3F991C75-A4FF-4E77-BD8F-04F6298F0B48}.Debug|Any CPU.ActiveCfg = Debug|Any CPU
		{3F991C75-A4FF-4E77-BD8F-04F6298F0B48}.Debug|Any CPU.Build.0 = Debug|Any CPU
		{3F991C75-A4FF-4E77-BD8F-04F6298F0B48}.Release|Any CPU.ActiveCfg = Release|Any CPU
		{3F991C75-A4FF-4E77-BD8F-04F6298F0B48}.Release|Any CPU.Build.0 = Release|Any CPU
	EndGlobalSection
	GlobalSection(SolutionProperties) = preSolution
		HideSolutionNode = FALSE
	EndGlobalSection
	GlobalSection(ExtensibilityGlobals) = postSolution
		SolutionGuid = {16156EBE-564F-48F2-B34E-270D0D6A41F0}
	EndGlobalSection
EndGlobal
